
Microsoft Visual Studio Solution File, Format Version 12.00
# Visual Studio 15
VisualStudioVersion = 15.0.27130.2010
MinimumVisualStudioVersion = 10.0.40219.1
Project("{FAE04EC0-301F-11D3-BF4B-00C04F79EFBC}") = "TestUiDemo", "TestUiDemo\TestUiDemo.csproj", "{D69D714B-FBE2-4261-BE2C-DF715C7126B7}"
EndProject
Global
	GlobalSection(SolutionConfigurationPlatforms) = preSolution
		Debug|Any CPU = Debug|Any CPU
		Release|Any CPU = Release|Any CPU
	EndGlobalSection
	GlobalSection(ProjectConfigurationPlatforms) = postSolution
		{D69D714B-FBE2-4261-BE2C-DF715C7126B7}.Debug|Any CPU.ActiveCfg = Debug|Any CPU
		{D69D714B-FBE2-4261-BE2C-DF715C7126B7}.Debug|Any CPU.Build.0 = Debug|Any CPU
		{D69D714B-FBE2-4261-BE2C-DF715C7126B7}.Release|Any CPU.ActiveCfg = Release|Any CPU
		{D69D714B-FBE2-4261-BE2C-DF715C7126B7}.Release|Any CPU.Build.0 = Release|Any CPU
	EndGlobalSection
	GlobalSection(SolutionProperties) = preSolution
		HideSolutionNode = FALSE
	EndGlobalSection
	GlobalSection(ExtensibilityGlobals) = postSolution
		SolutionGuid = {EE8CDE10-F6B2-4B04-9EDB-A9B503647975}
	EndGlobalSection
EndGlobal
